
Microsoft Visual Studio Solution File, Format Version 12.00
# Visual Studio Version 16
VisualStudioVersion = 16.0.30907.101
MinimumVisualStudioVersion = 10.0.40219.1
Project("{8BC9CEB8-8B4A-11D0-8D11-00A0C91BC942}") = "cg_course_v9", "cg_course_v9\cg_course_v9.vcxproj", "{3DCF3842-41D5-4052-A8F1-26FD18F324EF}"
EndProject
Project("{8BC9CEB8-8B4A-11D0-8D11-00A0C91BC942}") = "libwinbgi", "libwinbgi\libwinbgi.vcxproj", "{DAF4CC7E-F3CB-43AC-A07B-C5B6B9A4C32C}"
EndProject
Global
	GlobalSection(SolutionConfigurationPlatforms) = preSolution
		Debug|x64 = Debug|x64
		Debug|x86 = Debug|x86
		Release|x64 = Release|x64
		Release|x86 = Release|x86
	EndGlobalSection
	GlobalSection(ProjectConfigurationPlatforms) = postSolution
		{3DCF3842-41D5-4052-A8F1-26FD18F324EF}.Debug|x64.ActiveCfg = Debug|x64
		{3DCF3842-41D5-4052-A8F1-26FD18F324EF}.Debug|x64.Build.0 = Debug|x64
		{3DCF3842-41D5-4052-A8F1-26FD18F324EF}.Debug|x86.ActiveCfg = Debug|Win32
		{3DCF3842-41D5-4052-A8F1-26FD18F324EF}.Debug|x86.Build.0 = Debug|Win32
		{3DCF3842-41D5-4052-A8F1-26FD18F324EF}.Release|x64.ActiveCfg = Release|x64
		{3DCF3842-41D5-4052-A8F1-26FD18F324EF}.Release|x64.Build.0 = Release|x64
		{3DCF3842-41D5-4052-A8F1-26FD18F324EF}.Release|x86.ActiveCfg = Release|Win32
		{3DCF3842-41D5-4052-A8F1-26FD18F324EF}.Release|x86.Build.0 = Release|Win32
		{DAF4CC7E-F3CB-43AC-A07B-C5B6B9A4C32C}.Debug|x64.ActiveCfg = Debug|Win32
		{DAF4CC7E-F3CB-43AC-A07B-C5B6B9A4C32C}.Debug|x86.ActiveCfg = Debug|Win32
		{DAF4CC7E-F3CB-43AC-A07B-C5B6B9A4C32C}.Debug|x86.Build.0 = Debug|Win32
		{DAF4CC7E-F3CB-43AC-A07B-C5B6B9A4C32C}.Release|x64.ActiveCfg = Release|Win32
		{DAF4CC7E-F3CB-43AC-A07B-C5B6B9A4C32C}.Release|x86.ActiveCfg = Release|Win32
		{DAF4CC7E-F3CB-43AC-A07B-C5B6B9A4C32C}.Release|x86.Build.0 = Release|Win32
	EndGlobalSection
	GlobalSection(SolutionProperties) = preSolution
		HideSolutionNode = FALSE
	EndGlobalSection
	GlobalSection(ExtensibilityGlobals) = postSolution
		SolutionGuid = {802590BA-D183-4D46-B94D-1EDCC78918E6}
	EndGlobalSection
EndGlobal
